{
  "version": 4,
  "terraform_version": "1.11.4",
  "serial": 1,
  "lineage": "0cd25adf-72b1-22db-0f35-3c5c720f3508",
  "outputs": {},
  "resources": [
    {
      "mode": "managed",
      "type": "digitalocean_droplet",
      "name": "web",
      "provider": "provider[\"registry.terraform.io/digitalocean/digitalocean\"]",
      "instances": [
        {
          "schema_version": 1,
          "attributes": {
            "backup_policy": [],
            "backups": false,
            "created_at": "2025-04-29T13:33:32Z",
            "disk": 25,
            "droplet_agent": null,
            "graceful_shutdown": false,
            "id": "492464210",
            "image": "ubuntu-24-04-x64",
            "ipv4_address": "146.190.215.168",
            "ipv4_address_private": "10.116.0.2",
            "ipv6": false,
            "ipv6_address": "",
            "locked": false,
            "memory": 1024,
            "monitoring": false,
            "name": "web",
            "price_hourly": 0.00893,
            "price_monthly": 6,
            "private_networking": true,
            "region": "nyc1",
            "resize_disk": true,
            "size": "s-1vcpu-1gb",
            "ssh_keys": [
              "6a:f8:75:60:c8:14:06:1c:09:a4:e8:c3:b6:58:63:ba"
            ],
            "status": "active",
            "tags": null,
            "timeouts": null,
            "urn": "do:droplet:492464210",
            "user_data": "cae1ca38e96610b86490404245a169e1e388262a",
            "vcpus": 1,
            "volume_ids": [],
            "vpc_uuid": "3d0a1dfe-40b8-4e03-a8dc-7acee1996458"
          },
          "sensitive_attributes": [],
          "private": "eyJlMmJmYjczMC1lY2FhLTExZTYtOGY4OC0zNDM2M2JjN2M0YzAiOnsiY3JlYXRlIjozNjAwMDAwMDAwMDAwLCJkZWxldGUiOjYwMDAwMDAwMDAwLCJ1cGRhdGUiOjM2MDAwMDAwMDAwMDB9LCJzY2hlbWFfdmVyc2lvbiI6IjEifQ=="
        }
      ]
    }
  ],
  "check_results": null
}
